Microsoft Visual Studio Solution File, Format Version 12.00
# Visual Studio 15
VisualStudioVersion = 15.0.27004.2009
MinimumVisualStudioVersion = 10.0.40219.1
Project("{9A19103F-16F7-4668-BE54-9A1E7A4F7556}") = "NeoModules.JsonRpc.Client", "src\NeoModules.JsonRpc.Client\NeoModules.JsonRpc.Client.csproj", "{E9A7DEC0-E6CB-4660-94F9-A633426BFBA5}"
EndProject
Project("{9A19103F-16F7-4668-BE54-9A1E7A4F7556}") = "NeoModules.RPC", "src\NeoModules.RPC\NeoModules.RPC.csproj", "{83B39A76-5C60-4903-9DEC-CC0DCF525B0B}"
EndProject
Project("{9A19103F-16F7-4668-BE54-9A1E7A4F7556}") = "NeoModules.Demo", "src\NeoModules.Demo\NeoModules.Demo.csproj", "{FBF589FA-E10F-498A-8127-D135AB40224A}"
EndProject
Project("{9A19103F-16F7-4668-BE54-9A1E7A4F7556}") = "NeoModules.RPC.Tests", "src\NeoModules.RPC.Tests\NeoModules.RPC.Tests.csproj", "{C0312506-4BE4-495C-B699-4F11F341A976}"
EndProject
Project("{9A19103F-16F7-4668-BE54-9A1E7A4F7556}") = "NeoModules.Rest", "src\NeoModules.Rest\NeoModules.Rest.csproj", "{2A3E21E8-1944-43DB-B033-02E950842BF9}"
EndProject
Project("{9A19103F-16F7-4668-BE54-9A1E7A4F7556}") = "NeoModules.Core", "src\NeoModules.Core\NeoModules.Core.csproj", "{AB3F4360-495E-49CC-8153-5AC5FC0221F1}"
EndProject
Project("{9A19103F-16F7-4668-BE54-9A1E7A4F7556}") = "NeoModules.NEP6", "src\NeoModules.NEP6\NeoModules.NEP6.csproj", "{B42B6C46-98B4-4FE6-8C59-82159B666C8A}"
EndProject
Project("{9A19103F-16F7-4668-BE54-9A1E7A4F7556}") = "NeoModules.NEP6.Tests", "src\NeoModules.NEP6.Tests\NeoModules.NEP6.Tests.csproj", "{123552C6-578F-4526-9B6C-4A399C939B24}"
EndProject
Project("{FAE04EC0-301F-11D3-BF4B-00C04F79EFBC}") = "NeoModules.SwitcheoDemo", "src\NeoModules.SwitcheoDemo\NeoModules.SwitcheoDemo.csproj", "{0673440B-F853-48AA-8B66-80128B872E52}"
EndProject
Global
	GlobalSection(SolutionConfigurationPlatforms) = preSolution
		Debug|Any CPU = Debug|Any CPU
		Debug|x86 = Debug|x86
		Release|Any CPU = Release|Any CPU
		Release|x86 = Release|x86
	EndGlobalSection
	GlobalSection(ProjectConfigurationPlatforms) = postSolution
		{E9A7DEC0-E6CB-4660-94F9-A633426BFBA5}.Debug|Any CPU.ActiveCfg = Debug|Any CPU
		{E9A7DEC0-E6CB-4660-94F9-A633426BFBA5}.Debug|Any CPU.Build.0 = Debug|Any CPU
		{E9A7DEC0-E6CB-4660-94F9-A633426BFBA5}.Debug|x86.ActiveCfg = Debug|Any CPU
		{E9A7DEC0-E6CB-4660-94F9-A633426BFBA5}.Debug|x86.Build.0 = Debug|Any CPU
		{E9A7DEC0-E6CB-4660-94F9-A633426BFBA5}.Release|Any CPU.ActiveCfg = Release|Any CPU
		{E9A7DEC0-E6CB-4660-94F9-A633426BFBA5}.Release|Any CPU.Build.0 = Release|Any CPU
		{E9A7DEC0-E6CB-4660-94F9-A633426BFBA5}.Release|x86.ActiveCfg = Release|Any CPU
		{E9A7DEC0-E6CB-4660-94F9-A633426BFBA5}.Release|x86.Build.0 = Release|Any CPU
		{83B39A76-5C60-4903-9DEC-CC0DCF525B0B}.Debug|Any CPU.ActiveCfg = Debug|Any CPU
		{83B39A76-5C60-4903-9DEC-CC0DCF525B0B}.Debug|Any CPU.Build.0 = Debug|Any CPU
		{83B39A76-5C60-4903-9DEC-CC0DCF525B0B}.Debug|x86.ActiveCfg = Debug|Any CPU
		{83B39A76-5C60-4903-9DEC-CC0DCF525B0B}.Debug|x86.Build.0 = Debug|Any CPU
		{83B39A76-5C60-4903-9DEC-CC0DCF525B0B}.Release|Any CPU.ActiveCfg = Release|Any CPU
		{83B39A76-5C60-4903-9DEC-CC0DCF525B0B}.Release|Any CPU.Build.0 = Release|Any CPU
		{83B39A76-5C60-4903-9DEC-CC0DCF525B0B}.Release|x86.ActiveCfg = Release|Any CPU
		{83B39A76-5C60-4903-9DEC-CC0DCF525B0B}.Release|x86.Build.0 = Release|Any CPU
		{FBF589FA-E10F-498A-8127-D135AB40224A}.Debug|Any CPU.ActiveCfg = Debug|Any CPU
		{FBF589FA-E10F-498A-8127-D135AB40224A}.Debug|Any CPU.Build.0 = Debug|Any CPU
		{FBF589FA-E10F-498A-8127-D135AB40224A}.Debug|x86.ActiveCfg = Debug|Any CPU
		{FBF589FA-E10F-498A-8127-D135AB40224A}.Debug|x86.Build.0 = Debug|Any CPU
		{FBF589FA-E10F-498A-8127-D135AB40224A}.Release|Any CPU.ActiveCfg = Release|Any CPU
		{FBF589FA-E10F-498A-8127-D135AB40224A}.Release|Any CPU.Build.0 = Release|Any CPU
		{FBF589FA-E10F-498A-8127-D135AB40224A}.Release|x86.ActiveCfg = Release|Any CPU
		{FBF589FA-E10F-498A-8127-D135AB40224A}.Release|x86.Build.0 = Release|Any CPU
		{C0312506-4BE4-495C-B699-4F11F341A976}.Debug|Any CPU.ActiveCfg = Debug|Any CPU
		{C0312506-4BE4-495C-B699-4F11F341A976}.Debug|Any CPU.Build.0 = Debug|Any CPU
		{C0312506-4BE4-495C-B699-4F11F341A976}.Debug|x86.ActiveCfg = Debug|Any CPU
		{C0312506-4BE4-495C-B699-4F11F341A976}.Debug|x86.Build.0 = Debug|Any CPU
		{C0312506-4BE4-495C-B699-4F11F341A976}.Release|Any CPU.ActiveCfg = Release|Any CPU
		{C0312506-4BE4-495C-B699-4F11F341A976}.Release|Any CPU.Build.0 = Release|Any CPU
		{C0312506-4BE4-495C-B699-4F11F341A976}.Release|x86.ActiveCfg = Release|Any CPU
		{C0312506-4BE4-495C-B699-4F11F341A976}.Release|x86.Build.0 = Release|Any CPU
		{2A3E21E8-1944-43DB-B033-02E950842BF9}.Debug|Any CPU.ActiveCfg = Debug|Any CPU
		{2A3E21E8-1944-43DB-B033-02E950842BF9}.Debug|Any CPU.Build.0 = Debug|Any CPU
		{2A3E21E8-1944-43DB-B033-02E950842BF9}.Debug|x86.ActiveCfg = Debug|Any CPU
		{2A3E21E8-1944-43DB-B033-02E950842BF9}.Debug|x86.Build.0 = Debug|Any CPU
		{2A3E21E8-1944-43DB-B033-02E950842BF9}.Release|Any CPU.ActiveCfg = Release|Any CPU
		{2A3E21E8-1944-43DB-B033-02E950842BF9}.Release|Any CPU.Build.0 = Release|Any CPU
		{2A3E21E8-1944-43DB-B033-02E950842BF9}.Release|x86.ActiveCfg = Release|Any CPU
		{2A3E21E8-1944-43DB-B033-02E950842BF9}.Release|x86.Build.0 = Release|Any CPU
		{AB3F4360-495E-49CC-8153-5AC5FC0221F1}.Debug|Any CPU.ActiveCfg = Debug|Any CPU
		{AB3F4360-495E-49CC-8153-5AC5FC0221F1}.Debug|Any CPU.Build.0 = Debug|Any CPU
		{AB3F4360-495E-49CC-8153-5AC5FC0221F1}.Debug|x86.ActiveCfg = Debug|Any CPU
		{AB3F4360-495E-49CC-8153-5AC5FC0221F1}.Debug|x86.Build.0 = Debug|Any CPU
		{AB3F4360-495E-49CC-8153-5AC5FC0221F1}.Release|Any CPU.ActiveCfg = Release|Any CPU
		{AB3F4360-495E-49CC-8153-5AC5FC0221F1}.Release|Any CPU.Build.0 = Release|Any CPU
		{AB3F4360-495E-49CC-8153-5AC5FC0221F1}.Release|x86.ActiveCfg = Release|Any CPU
		{AB3F4360-495E-49CC-8153-5AC5FC0221F1}.Release|x86.Build.0 = Release|Any CPU
		{B42B6C46-98B4-4FE6-8C59-82159B666C8A}.Debug|Any CPU.ActiveCfg = Debug|Any CPU
		{B42B6C46-98B4-4FE6-8C59-82159B666C8A}.Debug|Any CPU.Build.0 = Debug|Any CPU
		{B42B6C46-98B4-4FE6-8C59-82159B666C8A}.Debug|x86.ActiveCfg = Debug|Any CPU
		{B42B6C46-98B4-4FE6-8C59-82159B666C8A}.Debug|x86.Build.0 = Debug|Any CPU
		{B42B6C46-98B4-4FE6-8C59-82159B666C8A}.Release|Any CPU.ActiveCfg = Release|Any CPU
		{B42B6C46-98B4-4FE6-8C59-82159B666C8A}.Release|Any CPU.Build.0 = Release|Any CPU
		{B42B6C46-98B4-4FE6-8C59-82159B666C8A}.Release|x86.ActiveCfg = Release|Any CPU
		{B42B6C46-98B4-4FE6-8C59-82159B666C8A}.Release|x86.Build.0 = Release|Any CPU
		{123552C6-578F-4526-9B6C-4A399C939B24}.Debug|Any CPU.ActiveCfg = Debug|Any CPU
		{123552C6-578F-4526-9B6C-4A399C939B24}.Debug|Any CPU.Build.0 = Debug|Any CPU
		{123552C6-578F-4526-9B6C-4A399C939B24}.Debug|x86.ActiveCfg = Debug|Any CPU
		{123552C6-578F-4526-9B6C-4A399C939B24}.Debug|x86.Build.0 = Debug|Any CPU
		{123552C6-578F-4526-9B6C-4A399C939B24}.Release|Any CPU.ActiveCfg = Release|Any CPU
		{123552C6-578F-4526-9B6C-4A399C939B24}.Release|Any CPU.Build.0 = Release|Any CPU
		{123552C6-578F-4526-9B6C-4A399C939B24}.Release|x86.ActiveCfg = Release|Any CPU
		{123552C6-578F-4526-9B6C-4A399C939B24}.Release|x86.Build.0 = Release|Any CPU
		{0673440B-F853-48AA-8B66-80128B872E52}.Debug|Any CPU.ActiveCfg = Debug|Any CPU
		{0673440B-F853-48AA-8B66-80128B872E52}.Debug|Any CPU.Build.0 = Debug|Any CPU
		{0673440B-F853-48AA-8B66-80128B872E52}.Debug|x86.ActiveCfg = Debug|Any CPU
		{0673440B-F853-48AA-8B66-80128B872E52}.Debug|x86.Build.0 = Debug|Any CPU
		{0673440B-F853-48AA-8B66-80128B872E52}.Release|Any CPU.ActiveCfg = Release|Any CPU
		{0673440B-F853-48AA-8B66-80128B872E52}.Release|Any CPU.Build.0 = Release|Any CPU
		{0673440B-F853-48AA-8B66-80128B872E52}.Release|x86.ActiveCfg = Release|Any CPU
		{0673440B-F853-48AA-8B66-80128B872E52}.Release|x86.Build.0 = Release|Any CPU
	EndGlobalSection
	GlobalSection(SolutionProperties) = preSolution
		HideSolutionNode = FALSE
	EndGlobalSection
	GlobalSection(ExtensibilityGlobals) = postSolution
		SolutionGuid = {0D2FE2C4-B5AD-4DF6-8649-54096A95E2AF}
	EndGlobalSection
EndGlobal
